
Microsoft Visual Studio Solution File, Format Version 12.00
# Visual Studio Version 17
VisualStudioVersion = 17.0.31815.197
MinimumVisualStudioVersion = 10.0.40219.1
Project("{FAE04EC0-301F-11D3-BF4B-00C04F79EFBC}") = "Grocery App", "Grocery App\Grocery App.csproj", "{25E2EC72-7849-48F6-940C-0FAC5E062B26}"
EndProject
Global
	GlobalSection(SolutionConfigurationPlatforms) = preSolution
		Debug|Any CPU = Debug|Any CPU
		Release|Any CPU = Release|Any CPU
	EndGlobalSection
	GlobalSection(ProjectConfigurationPlatforms) = postSolution
		{25E2EC72-7849-48F6-940C-0FAC5E062B26}.Debug|Any CPU.ActiveCfg = Debug|Any CPU
		{25E2EC72-7849-48F6-940C-0FAC5E062B26}.Debug|Any CPU.Build.0 = Debug|Any CPU
		{25E2EC72-7849-48F6-940C-0FAC5E062B26}.Release|Any CPU.ActiveCfg = Release|Any CPU
		{25E2EC72-7849-48F6-940C-0FAC5E062B26}.Release|Any CPU.Build.0 = Release|Any CPU
	EndGlobalSection
	GlobalSection(SolutionProperties) = preSolution
		HideSolutionNode = FALSE
	EndGlobalSection
	GlobalSection(ExtensibilityGlobals) = postSolution
		SolutionGuid = {2138A7D0-F7FF-4FE5-8B7A-0F8B18C2450F}
	EndGlobalSection
EndGlobal
